
Microsoft Visual Studio Solution File, Format Version 12.00
# Visual Studio Version 17
VisualStudioVersion = 17.8.34601.278
MinimumVisualStudioVersion = 10.0.40219.1
Project("{FAE04EC0-301F-11D3-BF4B-00C04F79EFBC}") = "IPLogAnalyzer", "IPLogAnalyzer\IPLogAnalyzer.csproj", "{08E5924D-F33C-49E3-A510-033CB5E23961}"
EndProject
Project("{FAE04EC0-301F-11D3-BF4B-00C04F79EFBC}") = "IPLogAnalyzerTests", "IPLogAnalyzerTests\IPLogAnalyzerTests.csproj", "{B3037FE0-0B9C-4834-9F22-1DD8ACA3A903}"
EndProject
Global
	GlobalSection(SolutionConfigurationPlatforms) = preSolution
		Debug|Any CPU = Debug|Any CPU
		Release|Any CPU = Release|Any CPU
	EndGlobalSection
	GlobalSection(ProjectConfigurationPlatforms) = postSolution
		{08E5924D-F33C-49E3-A510-033CB5E23961}.Debug|Any CPU.ActiveCfg = Debug|Any CPU
		{08E5924D-F33C-49E3-A510-033CB5E23961}.Debug|Any CPU.Build.0 = Debug|Any CPU
		{08E5924D-F33C-49E3-A510-033CB5E23961}.Release|Any CPU.ActiveCfg = Release|Any CPU
		{08E5924D-F33C-49E3-A510-033CB5E23961}.Release|Any CPU.Build.0 = Release|Any CPU
		{B3037FE0-0B9C-4834-9F22-1DD8ACA3A903}.Debug|Any CPU.ActiveCfg = Debug|Any CPU
		{B3037FE0-0B9C-4834-9F22-1DD8ACA3A903}.Debug|Any CPU.Build.0 = Debug|Any CPU
		{B3037FE0-0B9C-4834-9F22-1DD8ACA3A903}.Release|Any CPU.ActiveCfg = Release|Any CPU
		{B3037FE0-0B9C-4834-9F22-1DD8ACA3A903}.Release|Any CPU.Build.0 = Release|Any CPU
	EndGlobalSection
	GlobalSection(SolutionProperties) = preSolution
		HideSolutionNode = FALSE
	EndGlobalSection
	GlobalSection(ExtensibilityGlobals) = postSolution
		SolutionGuid = {C59BA4CD-BE7B-48DE-9978-153E77E78006}
	EndGlobalSection
EndGlobal
